// !$*UTF8*$!
{
	archiveVersion = 1;
	classes = {
	};
	objectVersion = 56;
	objects = {

/* Begin PBXBuildFile section */
		5DB330D205887E0ADF9199CD /* Pods_NoonCloning.framework in Frameworks */ = {isa = PBXBuildFile; fileRef = 1BE524356E2073754CC417D1 /* Pods_NoonCloning.framework */; };
		E3C1C7CF2BDDB3DD0019EF47 /* SwiftUIView.swift in Sources */ = {isa = PBXBuildFile; fileRef = E3C1C7CE2BDDB3DD0019EF47 /* SwiftUIView.swift */; };
		E3C1C7D12BDDB5400019EF47 /* SplashScreen.json in Resources */ = {isa = PBXBuildFile; fileRef = E3C1C7D02BDDB5400019EF47 /* SplashScreen.json */; };
		E3EAA5342BDD97430053DB54 /* NoonCloningApp.swift in Sources */ = {isa = PBXBuildFile; fileRef = E3EAA5332BDD97430053DB54 /* NoonCloningApp.swift */; };
		E3EAA5362BDD97430053DB54 /* ContentView.swift in Sources */ = {isa = PBXBuildFile; fileRef = E3EAA5352BDD97430053DB54 /* ContentView.swift */; };
		E3EAA5382BDD97460053DB54 /* Assets.xcassets in Resources */ = {isa = PBXBuildFile; fileRef = E3EAA5372BDD97460053DB54 /* Assets.xcassets */; };
		E3EAA53B2BDD97460053DB54 /* Preview Assets.xcassets in Resources */ = {isa = PBXBuildFile; fileRef = E3EAA53A2BDD97460053DB54 /* Preview Assets.xcassets */; };
		E3EAA5452BDD98170053DB54 /* Kingfisher in Frameworks */ = {isa = PBXBuildFile; productRef = E3EAA5442BDD98170053DB54 /* Kingfisher */; };
/* End PBXBuildFile section */

/* Begin PBXFileReference section */
		1BE524356E2073754CC417D1 /* Pods_NoonCloning.framework */ = {isa = PBXFileReference; explicitFileType = wrapper.framework; includeInIndex = 0; path = Pods_NoonCloning.framework; sourceTree = BUILT_PRODUCTS_DIR; };
		4272AAE646290F6683998FE0 /* Pods-NoonCloning.release.xcconfig */ = {isa = PBXFileReference; includeInIndex = 1; lastKnownFileType = text.xcconfig; name = "Pods-NoonCloning.release.xcconfig"; path = "Target Support Files/Pods-NoonCloning/Pods-NoonCloning.release.xcconfig"; sourceTree = "<group>"; };
		BC8D7D37DF6CC4F1F7F4200E /* Pods-NoonCloning.debug.xcconfig */ = {isa = PBXFileReference; includeInIndex = 1; lastKnownFileType = text.xcconfig; name = "Pods-NoonCloning.debug.xcconfig"; path = "Target Support Files/Pods-NoonCloning/Pods-NoonCloning.debug.xcconfig"; sourceTree = "<group>"; };
		E3C1C7CE2BDDB3DD0019EF47 /* SwiftUIView.swift */ = {isa = PBXFileReference; lastKnownFileType = sourcecode.swift; path = SwiftUIView.swift; sourceTree = "<group>"; };
		E3C1C7D02BDDB5400019EF47 /* SplashScreen.json */ = {isa = PBXFileReference; fileEncoding = 4; lastKnownFileType = text.json; path = SplashScreen.json; sourceTree = "<group>"; };
		E3EAA5302BDD97430053DB54 /* NoonCloning.app */ = {isa = PBXFileReference; explicitFileType = wrapper.application; includeInIndex = 0; path = NoonCloning.app; sourceTree = BUILT_PRODUCTS_DIR; };
		E3EAA5332BDD97430053DB54 /* NoonCloningApp.swift */ = {isa = PBXFileReference; lastKnownFileType = sourcecode.swift; path = NoonCloningApp.swift; sourceTree = "<group>"; };
		E3EAA5352BDD97430053DB54 /* ContentView.swift */ = {isa = PBXFileReference; lastKnownFileType = sourcecode.swift; path = ContentView.swift; sourceTree = "<group>"; };
		E3EAA5372BDD97460053DB54 /* Assets.xcassets */ = {isa = PBXFileReference; lastKnownFileType = folder.assetcatalog; path = Assets.xcassets; sourceTree = "<group>"; };
		E3EAA53A2BDD97460053DB54 /* Preview Assets.xcassets */ = {isa = PBXFileReference; lastKnownFileType = folder.assetcatalog; path = "Preview Assets.xcassets"; sourceTree = "<group>"; };
/* End PBXFileReference section */

/* Begin PBXFrameworksBuildPhase section */
		E3EAA52D2BDD97430053DB54 /* Frameworks */ = {
			isa = PBXFrameworksBuildPhase;
			buildActionMask = 2147483647;
			files = (
				E3EAA5452BDD98170053DB54 /* Kingfisher in Frameworks */,
				5DB330D205887E0ADF9199CD /* Pods_NoonCloning.framework in Frameworks */,
			);
			runOnlyForDeploymentPostprocessing = 0;
		};
/* End PBXFrameworksBuildPhase section */

/* Begin PBXGroup section */
		0F5F4940F432267165E24213 /* Pods */ = {
			isa = PBXGroup;
			children = (
				BC8D7D37DF6CC4F1F7F4200E /* Pods-NoonCloning.debug.xcconfig */,
				4272AAE646290F6683998FE0 /* Pods-NoonCloning.release.xcconfig */,
			);
			path = Pods;
			sourceTree = "<group>";
		};
		CD3E6CC3E1C1D2D49407DE96 /* Frameworks */ = {
			isa = PBXGroup;
			children = (
				1BE524356E2073754CC417D1 /* Pods_NoonCloning.framework */,
			);
			name = Frameworks;
			sourceTree = "<group>";
		};
		E3C1C7BE2BDDA2DE0019EF47 /* App */ = {
			isa = PBXGroup;
			children = (
				E3EAA5332BDD97430053DB54 /* NoonCloningApp.swift */,
			);
			path = App;
			sourceTree = "<group>";
		};
		E3C1C7BF2BDDA2E50019EF47 /* Core */ = {
			isa = PBXGroup;
			children = (
				E3C1C7CD2BDDB3CA0019EF47 /* TabBar */,
				E3C1C7C42BDDA3320019EF47 /* SplashScreen */,
			);
			path = Core;
			sourceTree = "<group>";
		};
		E3C1C7C02BDDA2E80019EF47 /* Extention */ = {
			isa = PBXGroup;
			children = (
			);
			path = Extention;
			sourceTree = "<group>";
		};
		E3C1C7C12BDDA2EF0019EF47 /* Utils */ = {
			isa = PBXGroup;
			children = (
			);
			path = Utils;
			sourceTree = "<group>";
		};
		E3C1C7C22BDDA2F50019EF47 /* servicses */ = {
			isa = PBXGroup;
			children = (
			);
			path = servicses;
			sourceTree = "<group>";
		};
		E3C1C7C32BDDA30A0019EF47 /* Models */ = {
			isa = PBXGroup;
			children = (
			);
			path = Models;
			sourceTree = "<group>";
		};
		E3C1C7C42BDDA3320019EF47 /* SplashScreen */ = {
			isa = PBXGroup;
			children = (
				E3C1C7D02BDDB5400019EF47 /* SplashScreen.json */,
				E3EAA5352BDD97430053DB54 /* ContentView.swift */,
			);
			path = SplashScreen;
			sourceTree = "<group>";
		};
		E3C1C7CD2BDDB3CA0019EF47 /* TabBar */ = {
			isa = PBXGroup;
			children = (
				E3C1C7CE2BDDB3DD0019EF47 /* SwiftUIView.swift */,
			);
			path = TabBar;
			sourceTree = "<group>";
		};
		E3EAA5272BDD97430053DB54 = {
			isa = PBXGroup;
			children = (
				E3EAA5322BDD97430053DB54 /* NoonCloning */,
				E3EAA5312BDD97430053DB54 /* Products */,
				0F5F4940F432267165E24213 /* Pods */,
				CD3E6CC3E1C1D2D49407DE96 /* Frameworks */,
			);
			sourceTree = "<group>";
		};
		E3EAA5312BDD97430053DB54 /* Products */ = {
			isa = PBXGroup;
			children = (
				E3EAA5302BDD97430053DB54 /* NoonCloning.app */,
			);
			name = Products;
			sourceTree = "<group>";
		};
		E3EAA5322BDD97430053DB54 /* NoonCloning */ = {
			isa = PBXGroup;
			children = (
				E3C1C7BE2BDDA2DE0019EF47 /* App */,
				E3C1C7BF2BDDA2E50019EF47 /* Core */,
				E3C1C7C32BDDA30A0019EF47 /* Models */,
				E3C1C7C22BDDA2F50019EF47 /* servicses */,
				E3C1C7C12BDDA2EF0019EF47 /* Utils */,
				E3C1C7C02BDDA2E80019EF47 /* Extention */,
				E3EAA5372BDD97460053DB54 /* Assets.xcassets */,
				E3EAA5392BDD97460053DB54 /* Preview Content */,
			);
			path = NoonCloning;
			sourceTree = "<group>";
		};
		E3EAA5392BDD97460053DB54 /* Preview Content */ = {
			isa = PBXGroup;
			children = (
				E3EAA53A2BDD97460053DB54 /* Preview Assets.xcassets */,
			);
			path = "Preview Content";
			sourceTree = "<group>";
		};
/* End PBXGroup section */

/* Begin PBXNativeTarget section */
		E3EAA52F2BDD97430053DB54 /* NoonCloning */ = {
			isa = PBXNativeTarget;
			buildConfigurationList = E3EAA53E2BDD97460053DB54 /* Build configuration list for PBXNativeTarget "NoonCloning" */;
			buildPhases = (
				9772D1F3E7C276A725CE5334 /* [CP] Check Pods Manifest.lock */,
				E3EAA52C2BDD97430053DB54 /* Sources */,
				E3EAA52D2BDD97430053DB54 /* Frameworks */,
				E3EAA52E2BDD97430053DB54 /* Resources */,
				B1A9904D0F49AE188FD1B13C /* [CP] Embed Pods Frameworks */,
			);
			buildRules = (
			);
			dependencies = (
			);
			name = NoonCloning;
			packageProductDependencies = (
				E3EAA5442BDD98170053DB54 /* Kingfisher */,
			);
			productName = NoonCloning;
			productReference = E3EAA5302BDD97430053DB54 /* NoonCloning.app */;
			productType = "com.apple.product-type.application";
		};
/* End PBXNativeTarget section */

/* Begin PBXProject section */
		E3EAA5282BDD97430053DB54 /* Project object */ = {
			isa = PBXProject;
			attributes = {
				BuildIndependentTargetsInParallel = 1;
				LastSwiftUpdateCheck = 1420;
				LastUpgradeCheck = 1420;
				TargetAttributes = {
					E3EAA52F2BDD97430053DB54 = {
						CreatedOnToolsVersion = 14.2;
					};
				};
			};
			buildConfigurationList = E3EAA52B2BDD97430053DB54 /* Build configuration list for PBXProject "NoonCloning" */;
			compatibilityVersion = "Xcode 14.0";
			developmentRegion = en;
			hasScannedForEncodings = 0;
			knownRegions = (
				en,
				Base,
			);
			mainGroup = E3EAA5272BDD97430053DB54;
			packageReferences = (
				E3EAA5432BDD98170053DB54 /* XCRemoteSwiftPackageReference "Kingfisher" */,
			);
			productRefGroup = E3EAA5312BDD97430053DB54 /* Products */;
			projectDirPath = "";
			projectRoot = "";
			targets = (
				E3EAA52F2BDD97430053DB54 /* NoonCloning */,
			);
		};
/* End PBXProject section */

/* Begin PBXResourcesBuildPhase section */
		E3EAA52E2BDD97430053DB54 /* Resources */ = {
			isa = PBXResourcesBuildPhase;
			buildActionMask = 2147483647;
			files = (
				E3C1C7D12BDDB5400019EF47 /* SplashScreen.json in Resources */,
				E3EAA53B2BDD97460053DB54 /* Preview Assets.xcassets in Resources */,
				E3EAA5382BDD97460053DB54 /* Assets.xcassets in Resources */,
			);
			runOnlyForDeploymentPostprocessing = 0;
		};
/* End PBXResourcesBuildPhase section */

/* Begin PBXShellScriptBuildPhase section */
		9772D1F3E7C276A725CE5334 /* [CP] Check Pods Manifest.lock */ = {
			isa = PBXShellScriptBuildPhase;
			buildActionMask = 2147483647;
			files = (
			);
			inputFileListPaths = (
			);
			inputPaths = (
				"${PODS_PODFILE_DIR_PATH}/Podfile.lock",
				"${PODS_ROOT}/Manifest.lock",
			);
			name = "[CP] Check Pods Manifest.lock";
			outputFileListPaths = (
			);
			outputPaths = (
				"$(DERIVED_FILE_DIR)/Pods-NoonCloning-checkManifestLockResult.txt",
			);
			runOnlyForDeploymentPostprocessing = 0;
			shellPath = /bin/sh;
			shellScript = "diff \"${PODS_PODFILE_DIR_PATH}/Podfile.lock\" \"${PODS_ROOT}/Manifest.lock\" > /dev/null\nif [ $? != 0 ] ; then\n    # print error to STDERR\n    echo \"error: The sandbox is not in sync with the Podfile.lock. Run 'pod install' or update your CocoaPods installation.\" >&2\n    exit 1\nfi\n# This output is used by Xcode 'outputs' to avoid re-running this script phase.\necho \"SUCCESS\" > \"${SCRIPT_OUTPUT_FILE_0}\"\n";
			showEnvVarsInLog = 0;
		};
		B1A9904D0F49AE188FD1B13C /* [CP] Embed Pods Frameworks */ = {
			isa = PBXShellScriptBuildPhase;
			buildActionMask = 2147483647;
			files = (
			);
			inputFileListPaths = (
				"${PODS_ROOT}/Target Support Files/Pods-NoonCloning/Pods-NoonCloning-frameworks-${CONFIGURATION}-input-files.xcfilelist",
			);
			name = "[CP] Embed Pods Frameworks";
			outputFileListPaths = (
				"${PODS_ROOT}/Target Support Files/Pods-NoonCloning/Pods-NoonCloning-frameworks-${CONFIGURATION}-output-files.xcfilelist",
			);
			runOnlyForDeploymentPostprocessing = 0;
			shellPath = /bin/sh;
			shellScript = "\"${PODS_ROOT}/Target Support Files/Pods-NoonCloning/Pods-NoonCloning-frameworks.sh\"\n";
			showEnvVarsInLog = 0;
		};
/* End PBXShellScriptBuildPhase section */

/* Begin PBXSourcesBuildPhase section */
		E3EAA52C2BDD97430053DB54 /* Sources */ = {
			isa = PBXSourcesBuildPhase;
			buildActionMask = 2147483647;
			files = (
				E3EAA5362BDD97430053DB54 /* ContentView.swift in Sources */,
				E3EAA5342BDD97430053DB54 /* NoonCloningApp.swift in Sources */,
				E3C1C7CF2BDDB3DD0019EF47 /* SwiftUIView.swift in Sources */,
			);
			runOnlyForDeploymentPostprocessing = 0;
		};
/* End PBXSourcesBuildPhase section */

/* Begin XCBuildConfiguration section */
		E3EAA53C2BDD97460053DB54 /* Debug */ = {
			isa = XCBuildConfiguration;
			buildSettings = {
				ALWAYS_SEARCH_USER_PATHS = NO;
				CLANG_ANALYZER_NONNULL = YES;
				CLANG_ANALYZER_NUMBER_OBJECT_CONVERSION = YES_AGGRESSIVE;
				CLANG_CXX_LANGUAGE_STANDARD = "gnu++20";
				CLANG_ENABLE_MODULES = YES;
				CLANG_ENABLE_OBJC_ARC = YES;
				CLANG_ENABLE_OBJC_WEAK = YES;
				CLANG_WARN_BLOCK_CAPTURE_AUTORELEASING = YES;
				CLANG_WARN_BOOL_CONVERSION = YES;
				CLANG_WARN_COMMA = YES;
				CLANG_WARN_CONSTANT_CONVERSION = YES;
				CLANG_WARN_DEPRECATED_OBJC_IMPLEMENTATIONS = YES;
				CLANG_WARN_DIRECT_OBJC_ISA_USAGE = YES_ERROR;
				CLANG_WARN_DOCUMENTATION_COMMENTS = YES;
				CLANG_WARN_EMPTY_BODY = YES;
				CLANG_WARN_ENUM_CONVERSION = YES;
				CLANG_WARN_INFINITE_RECURSION = YES;
				CLANG_WARN_INT_CONVERSION = YES;
				CLANG_WARN_NON_LITERAL_NULL_CONVERSION = YES;
				CLANG_WARN_OBJC_IMPLICIT_RETAIN_SELF = YES;
				CLANG_WARN_OBJC_LITERAL_CONVERSION = YES;
				CLANG_WARN_OBJC_ROOT_CLASS = YES_ERROR;
				CLANG_WARN_QUOTED_INCLUDE_IN_FRAMEWORK_HEADER = YES;
				CLANG_WARN_RANGE_LOOP_ANALYSIS = YES;
				CLANG_WARN_STRICT_PROTOTYPES = YES;
				CLANG_WARN_SUSPICIOUS_MOVE = YES;
				CLANG_WARN_UNGUARDED_AVAILABILITY = YES_AGGRESSIVE;
				CLANG_WARN_UNREACHABLE_CODE = YES;
				CLANG_WARN__DUPLICATE_METHOD_MATCH = YES;
				COPY_PHASE_STRIP = NO;
				DEBUG_INFORMATION_FORMAT = dwarf;
				ENABLE_STRICT_OBJC_MSGSEND = YES;
				ENABLE_TESTABILITY = YES;
				GCC_C_LANGUAGE_STANDARD = gnu11;
				GCC_DYNAMIC_NO_PIC = NO;
				GCC_NO_COMMON_BLOCKS = YES;
				GCC_OPTIMIZATION_LEVEL = 0;
				GCC_PREPROCESSOR_DEFINITIONS = (
					"DEBUG=1",
					"$(inherited)",
				);
				GCC_WARN_64_TO_32_BIT_CONVERSION = YES;
				GCC_WARN_ABOUT_RETURN_TYPE = YES_ERROR;
				GCC_WARN_UNDECLARED_SELECTOR = YES;
				GCC_WARN_UNINITIALIZED_AUTOS = YES_AGGRESSIVE;
				GCC_WARN_UNUSED_FUNCTION = YES;
				GCC_WARN_UNUSED_VARIABLE = YES;
				IPHONEOS_DEPLOYMENT_TARGET = 16.2;
				MTL_ENABLE_DEBUG_INFO = INCLUDE_SOURCE;
				MTL_FAST_MATH = YES;
				ONLY_ACTIVE_ARCH = YES;
				SDKROOT = iphoneos;
				SWIFT_ACTIVE_COMPILATION_CONDITIONS = DEBUG;
				SWIFT_OPTIMIZATION_LEVEL = "-Onone";
			};
			name = Debug;
		};
		E3EAA53D2BDD97460053DB54 /* Release */ = {
			isa = XCBuildConfiguration;
			buildSettings = {
				ALWAYS_SEARCH_USER_PATHS = NO;
				CLANG_ANALYZER_NONNULL = YES;
				CLANG_ANALYZER_NUMBER_OBJECT_CONVERSION = YES_AGGRESSIVE;
				CLANG_CXX_LANGUAGE_STANDARD = "gnu++20";
				CLANG_ENABLE_MODULES = YES;
				CLANG_ENABLE_OBJC_ARC = YES;
				CLANG_ENABLE_OBJC_WEAK = YES;
				CLANG_WARN_BLOCK_CAPTURE_AUTORELEASING = YES;
				CLANG_WARN_BOOL_CONVERSION = YES;
				CLANG_WARN_COMMA = YES;
				CLANG_WARN_CONSTANT_CONVERSION = YES;
				CLANG_WARN_DEPRECATED_OBJC_IMPLEMENTATIONS = YES;
				CLANG_WARN_DIRECT_OBJC_ISA_USAGE = YES_ERROR;
				CLANG_WARN_DOCUMENTATION_COMMENTS = YES;
				CLANG_WARN_EMPTY_BODY = YES;
				CLANG_WARN_ENUM_CONVERSION = YES;
				CLANG_WARN_INFINITE_RECURSION = YES;
				CLANG_WARN_INT_CONVERSION = YES;
				CLANG_WARN_NON_LITERAL_NULL_CONVERSION = YES;
				CLANG_WARN_OBJC_IMPLICIT_RETAIN_SELF = YES;
				CLANG_WARN_OBJC_LITERAL_CONVERSION = YES;
				CLANG_WARN_OBJC_ROOT_CLASS = YES_ERROR;
				CLANG_WARN_QUOTED_INCLUDE_IN_FRAMEWORK_HEADER = YES;
				CLANG_WARN_RANGE_LOOP_ANALYSIS = YES;
				CLANG_WARN_STRICT_PROTOTYPES = YES;
				CLANG_WARN_SUSPICIOUS_MOVE = YES;
				CLANG_WARN_UNGUARDED_AVAILABILITY = YES_AGGRESSIVE;
				CLANG_WARN_UNREACHABLE_CODE = YES;
				CLANG_WARN__DUPLICATE_METHOD_MATCH = YES;
				COPY_PHASE_STRIP = NO;
				DEBUG_INFORMATION_FORMAT = "dwarf-with-dsym";
				ENABLE_NS_ASSERTIONS = NO;
				ENABLE_STRICT_OBJC_MSGSEND = YES;
				GCC_C_LANGUAGE_STANDARD = gnu11;
				GCC_NO_COMMON_BLOCKS = YES;
				GCC_WARN_64_TO_32_BIT_CONVERSION = YES;
				GCC_WARN_ABOUT_RETURN_TYPE = YES_ERROR;
				GCC_WARN_UNDECLARED_SELECTOR = YES;
				GCC_WARN_UNINITIALIZED_AUTOS = YES_AGGRESSIVE;
				GCC_WARN_UNUSED_FUNCTION = YES;
				GCC_WARN_UNUSED_VARIABLE = YES;
				IPHONEOS_DEPLOYMENT_TARGET = 16.2;
				MTL_ENABLE_DEBUG_INFO = NO;
				MTL_FAST_MATH = YES;
				SDKROOT = iphoneos;
				SWIFT_COMPILATION_MODE = wholemodule;
				SWIFT_OPTIMIZATION_LEVEL = "-O";
				VALIDATE_PRODUCT = YES;
			};
			name = Release;
		};
		E3EAA53F2BDD97460053DB54 /* Debug */ = {
			isa = XCBuildConfiguration;
			baseConfigurationReference = BC8D7D37DF6CC4F1F7F4200E /* Pods-NoonCloning.debug.xcconfig */;
			buildSettings = {
				ASSETCATALOG_COMPILER_APPICON_NAME = AppIcon;
				ASSETCATALOG_COMPILER_GLOBAL_ACCENT_COLOR_NAME = AccentColor;
				CODE_SIGN_STYLE = Automatic;
				CURRENT_PROJECT_VERSION = 1;
				DEVELOPMENT_ASSET_PATHS = "\"NoonCloning/Preview Content\"";
				DEVELOPMENT_TEAM = 7W7N543YH7;
				ENABLE_PREVIEWS = YES;
				GENERATE_INFOPLIST_FILE = YES;
				INFOPLIST_KEY_UIApplicationSceneManifest_Generation = YES;
				INFOPLIST_KEY_UIApplicationSupportsIndirectInputEvents = YES;
				INFOPLIST_KEY_UILaunchScreen_Generation = YES;
				INFOPLIST_KEY_UISupportedInterfaceOrientations_iPad = "UIInterfaceOrientationPortrait UIInterfaceOrientationPortraitUpsideDown UIInterfaceOrientationLandscapeLeft UIInterfaceOrientationLandscapeRight";
				INFOPLIST_KEY_UISupportedInterfaceOrientations_iPhone = "UIInterfaceOrientationPortrait UIInterfaceOrientationLandscapeLeft UIInterfaceOrientationLandscapeRight";
				LD_RUNPATH_SEARCH_PATHS = (
					"$(inherited)",
					"@executable_path/Frameworks",
				);
				MARKETING_VERSION = 1.0;
				PRODUCT_BUNDLE_IDENTIFIER = "EOA-industry.NoonCloning.NoonCloning";
				PRODUCT_NAME = "$(TARGET_NAME)";
				SWIFT_EMIT_LOC_STRINGS = YES;
				SWIFT_VERSION = 5.0;
				TARGETED_DEVICE_FAMILY = "1,2";
			};
			name = Debug;
		};
		E3EAA5402BDD97460053DB54 /* Release */ = {
			isa = XCBuildConfiguration;
			baseConfigurationReference = 4272AAE646290F6683998FE0 /* Pods-NoonCloning.release.xcconfig */;
			buildSettings = {
				ASSETCATALOG_COMPILER_APPICON_NAME = AppIcon;
				ASSETCATALOG_COMPILER_GLOBAL_ACCENT_COLOR_NAME = AccentColor;
				CODE_SIGN_STYLE = Automatic;
				CURRENT_PROJECT_VERSION = 1;
				DEVELOPMENT_ASSET_PATHS = "\"NoonCloning/Preview Content\"";
				DEVELOPMENT_TEAM = 7W7N543YH7;
				ENABLE_PREVIEWS = YES;
				GENERATE_INFOPLIST_FILE = YES;
				INFOPLIST_KEY_UIApplicationSceneManifest_Generation = YES;
				INFOPLIST_KEY_UIApplicationSupportsIndirectInputEvents = YES;
				INFOPLIST_KEY_UILaunchScreen_Generation = YES;
				INFOPLIST_KEY_UISupportedInterfaceOrientations_iPad = "UIInterfaceOrientationPortrait UIInterfaceOrientationPortraitUpsideDown UIInterfaceOrientationLandscapeLeft UIInterfaceOrientationLandscapeRight";
				INFOPLIST_KEY_UISupportedInterfaceOrientations_iPhone = "UIInterfaceOrientationPortrait UIInterfaceOrientationLandscapeLeft UIInterfaceOrientationLandscapeRight";
				LD_RUNPATH_SEARCH_PATHS = (
					"$(inherited)",
					"@executable_path/Frameworks",
				);
				MARKETING_VERSION = 1.0;
				PRODUCT_BUNDLE_IDENTIFIER = "EOA-industry.NoonCloning.NoonCloning";
				PRODUCT_NAME = "$(TARGET_NAME)";
				SWIFT_EMIT_LOC_STRINGS = YES;
				SWIFT_VERSION = 5.0;
				TARGETED_DEVICE_FAMILY = "1,2";
			};
			name = Release;
		};
/* End XCBuildConfiguration section */

/* Begin XCConfigurationList section */
		E3EAA52B2BDD97430053DB54 /* Build configuration list for PBXProject "NoonCloning" */ = {
			isa = XCConfigurationList;
			buildConfigurations = (
				E3EAA53C2BDD97460053DB54 /* Debug */,
				E3EAA53D2BDD97460053DB54 /* Release */,
			);
			defaultConfigurationIsVisible = 0;
			defaultConfigurationName = Release;
		};
		E3EAA53E2BDD97460053DB54 /* Build configuration list for PBXNativeTarget "NoonCloning" */ = {
			isa = XCConfigurationList;
			buildConfigurations = (
				E3EAA53F2BDD97460053DB54 /* Debug */,
				E3EAA5402BDD97460053DB54 /* Release */,
			);
			defaultConfigurationIsVisible = 0;
			defaultConfigurationName = Release;
		};
/* End XCConfigurationList section */

/* Begin XCRemoteSwiftPackageReference section */
		E3EAA5432BDD98170053DB54 /* XCRemoteSwiftPackageReference "Kingfisher" */ = {
			isa = XCRemoteSwiftPackageReference;
			repositoryURL = "https://github.com/onevcat/Kingfisher.git";
			requirement = {
				kind = upToNextMajorVersion;
				minimumVersion = 7.0.0;
			};
		};
/* End XCRemoteSwiftPackageReference section */

/* Begin XCSwiftPackageProductDependency section */
		E3EAA5442BDD98170053DB54 /* Kingfisher */ = {
			isa = XCSwiftPackageProductDependency;
			package = E3EAA5432BDD98170053DB54 /* XCRemoteSwiftPackageReference "Kingfisher" */;
			productName = Kingfisher;
		};
/* End XCSwiftPackageProductDependency section */
	};
	rootObject = E3EAA5282BDD97430053DB54 /* Project object */;
}
